
Microsoft Visual Studio Solution File, Format Version 12.00
# Visual Studio Version 17
VisualStudioVersion = 17.9.34607.119
MinimumVisualStudioVersion = 10.0.40219.1
Project("{2150E333-8FDC-42A3-9474-1A3956D46DE8}") = "Chapter01", "Chapter01", "{E42774F4-ADAB-4B27-92C3-FC0603706A83}"
EndProject
Project("{FAE04EC0-301F-11D3-BF4B-00C04F79EFBC}") = "ProductSample", "Chapter01\ProductSample\ProductSample.csproj", "{D0D27F84-483F-449F-BD8D-DBF99FB5C80E}"
EndProject
Project("{FAE04EC0-301F-11D3-BF4B-00C04F79EFBC}") = "Sample_p38", "Chapter01\Sample_p38\Sample_p38.csproj", "{9A0DC62B-0F97-44E4-9B32-0D2C004DEA84}"
EndProject
Project("{2150E333-8FDC-42A3-9474-1A3956D46DE8}") = "Chapter02", "Chapter02", "{E4D6C8BD-8253-4BCD-97F7-D816C665B6FD}"
EndProject
Project("{2150E333-8FDC-42A3-9474-1A3956D46DE8}") = "距離換算プログラム", "距離換算プログラム", "{4D402AEB-3911-48D3-AA20-B176757757E3}"
EndProject
Project("{FAE04EC0-301F-11D3-BF4B-00C04F79EFBC}") = "DistanceConVerter", "Chapter02\DistanceConVerter\DistanceConVerter.csproj", "{7AA66F54-5F5E-4884-A946-2C8592B7A501}"
EndProject
Project("{2150E333-8FDC-42A3-9474-1A3956D46DE8}") = "売上集計プログラム", "売上集計プログラム", "{C68BCD43-74D8-4E47-9DE9-80228B8F1ED4}"
EndProject
Project("{FAE04EC0-301F-11D3-BF4B-00C04F79EFBC}") = "SalesCounter", "Chapter02\SalesCounter\SalesCounter.csproj", "{8EF35437-0FB4-46F2-80CA-0CC2ECB90C5D}"
EndProject
Project("{2150E333-8FDC-42A3-9474-1A3956D46DE8}") = "#演習問題", "#演習問題", "{AA0AED66-3ACD-47C8-9F26-8470182E5A0B}"
EndProject
Project("{FAE04EC0-301F-11D3-BF4B-00C04F79EFBC}") = "Exercise1", "Chapter02\演習問題\Exercise1\Exercise1.csproj", "{E7CDF393-58D7-4E25-9894-4898777E94C8}"
EndProject
Project("{FAE04EC0-301F-11D3-BF4B-00C04F79EFBC}") = "Exercise2", "Chapter02\演習問題\Exercise2\Exercise2.csproj", "{3247E676-E9C0-482F-853F-E7049CDCCA25}"
EndProject
Project("{2150E333-8FDC-42A3-9474-1A3956D46DE8}") = "FormApps", "FormApps", "{52D11A7D-7557-4D8A-98CF-51575B9768FA}"
EndProject
Project("{9A19103F-16F7-4668-BE54-9A1E7A4F7556}") = "BallApp", "FromApps\BallApp\BallApp.csproj", "{AA5E52C3-D38A-4467-87C1-5832959DFCCE}"
EndProject
Project("{2150E333-8FDC-42A3-9474-1A3956D46DE8}") = "chapter03", "chapter03", "{D2C330DC-9BA9-48B7-BABB-6DBB32E26D93}"
EndProject
Project("{FAE04EC0-301F-11D3-BF4B-00C04F79EFBC}") = "Section01", "chapter03\Section01\Section01.csproj", "{F27417B6-C2AD-419C-A315-3EB8812D151E}"
EndProject
Project("{2150E333-8FDC-42A3-9474-1A3956D46DE8}") = "演習問題", "演習問題", "{F322C5F3-028E-4062-93BD-786932685621}"
EndProject
Project("{FAE04EC0-301F-11D3-BF4B-00C04F79EFBC}") = "exercise01", "chapter03\演習問題\exercise01\exercise01.csproj", "{D26C5D99-7D42-4ADA-BD45-611EFC5C946F}"
EndProject
Project("{FAE04EC0-301F-11D3-BF4B-00C04F79EFBC}") = "exercise02", "chapter03\演習問題\exercise02\exercise02\exercise02.csproj", "{22334261-FDD2-4BA1-9025-07B722786C7A}"
EndProject
Project("{2150E333-8FDC-42A3-9474-1A3956D46DE8}") = "chapter04", "chapter04", "{924EAF3F-E97D-4459-B1A9-1A8D35F1C9E9}"
EndProject
Project("{FAE04EC0-301F-11D3-BF4B-00C04F79EFBC}") = "Section01", "chapter04\Section01\Section01.csproj", "{5C1E9CE3-635B-4A5A-BF48-2F9AA5296367}"
EndProject
Project("{FAE04EC0-301F-11D3-BF4B-00C04F79EFBC}") = "Exercise01", "chapter04\練習問題\Exercise\Exercise01.csproj", "{F46E7E1C-2AC5-4CF7-89F4-FC41BA8F2ADF}"
EndProject
Project("{FAE04EC0-301F-11D3-BF4B-00C04F79EFBC}") = "Exercise02", "chapter04\練習問題\Exercise02\Exercise02.csproj", "{D103D899-0297-4E52-B5AD-BDE4A8B3DB9C}"
EndProject
Project("{2150E333-8FDC-42A3-9474-1A3956D46DE8}") = "chapter05", "chapter05", "{C2E00FDE-AB97-4E8A-B974-17950BCEAE83}"
EndProject
Project("{2150E333-8FDC-42A3-9474-1A3956D46DE8}") = "演習問題", "演習問題", "{A48112EF-EE02-47D3-BA17-8625D55BCECA}"
EndProject
Project("{FAE04EC0-301F-11D3-BF4B-00C04F79EFBC}") = "Exercise01", "chapter05\演習問題\Exercise01\Exercise01.csproj", "{FD4F0F58-D346-45B9-9CFE-93A555F8F7D9}"
EndProject
Project("{FAE04EC0-301F-11D3-BF4B-00C04F79EFBC}") = "Exercise02", "chapter05\演習問題\Exercise02\Exercise02\Exercise02.csproj", "{93C886AB-460E-477B-B86A-20E6D6288157}"
EndProject
Project("{FAE04EC0-301F-11D3-BF4B-00C04F79EFBC}") = "Exercise03", "chapter05\演習問題\Exercise03\Exercise03\Exercise03.csproj", "{B15FE0DB-F9C7-4506-A30D-94C2DA3915EF}"
EndProject
Project("{FAE04EC0-301F-11D3-BF4B-00C04F79EFBC}") = "Exercise04", "chapter05\演習問題\Exercise04\Exercise04\Exercise04.csproj", "{1A4E41D9-01E6-4B8B-B1F8-9E041C6C4B41}"
EndProject
Project("{2150E333-8FDC-42A3-9474-1A3956D46DE8}") = "chapter06", "chapter06", "{6DC0F69E-C1FE-49A8-8BC2-902EFFCC859E}"
EndProject
Project("{FAE04EC0-301F-11D3-BF4B-00C04F79EFBC}") = "Section01", "chapter06\Section01\Section01.csproj", "{96A52A53-8B3A-4077-A2B9-0238EB4A2A55}"
EndProject
Project("{2150E333-8FDC-42A3-9474-1A3956D46DE8}") = "演習問題", "演習問題", "{E3E70BB9-DE05-4677-B725-A55EA6996906}"
EndProject
Project("{FAE04EC0-301F-11D3-BF4B-00C04F79EFBC}") = "Exercise01", "chapter06\演習問題\Exercise01\Exercise01.csproj", "{622F3BBA-CF74-41F0-A2CB-16D356DEE34B}"
EndProject
Project("{FAE04EC0-301F-11D3-BF4B-00C04F79EFBC}") = "Exercise02", "chapter06\演習問題\Exercise02\Exercise02.csproj", "{32FCDFD6-7612-463F-A1ED-38B068AE602A}"
EndProject
Project("{2150E333-8FDC-42A3-9474-1A3956D46DE8}") = "chapter07", "chapter07", "{634A8B9C-0EB8-4E3F-BD9B-665C73497962}"
EndProject
Project("{FAE04EC0-301F-11D3-BF4B-00C04F79EFBC}") = "Section01", "chapter07\Section01\Section01.csproj", "{2616CCE2-F157-490A-83DC-A45D01A359D4}"
EndProject
Project("{FAE04EC0-301F-11D3-BF4B-00C04F79EFBC}") = "Section02", "chapter07\Section02\Section02.csproj", "{C3F546B1-8427-46E9-82E9-95407C8D7D62}"
EndProject
Project("{2150E333-8FDC-42A3-9474-1A3956D46DE8}") = "Test2406", "Test2406", "{924AE6A0-F981-4A41-BD8B-CDB5B0AEC413}"
EndProject
Project("{FAE04EC0-301F-11D3-BF4B-00C04F79EFBC}") = "Test01", "TestProject\Test01\Test01.csproj", "{2BFACDC3-F44D-4199-8498-F5C3C4AC0335}"
EndProject
Project("{FAE04EC0-301F-11D3-BF4B-00C04F79EFBC}") = "Test02", "TestProject\Test02\Test02.csproj", "{E461C0A8-8900-485C-B520-E929BA33F712}"
EndProject
Project("{FAE04EC0-301F-11D3-BF4B-00C04F79EFBC}") = "Section03", "chapter07\Section03\Section03.csproj", "{0EAE9061-82E1-48FF-88FC-B4166C5F8440}"
EndProject
Project("{FAE04EC0-301F-11D3-BF4B-00C04F79EFBC}") = "Section04", "chapter07\Section04\Section04.csproj", "{EE475C95-66D8-458D-A489-50A0CC5E8F1E}"
EndProject
Project("{2150E333-8FDC-42A3-9474-1A3956D46DE8}") = "chapter08", "chapter08", "{AAADFE71-9A6A-49BC-A239-8FABD4D257ED}"
EndProject
Project("{FAE04EC0-301F-11D3-BF4B-00C04F79EFBC}") = "Section01", "chapter08\Section01\Section01.csproj", "{63D457F9-7B67-4125-82C2-92225C62701D}"
EndProject
Project("{9A19103F-16F7-4668-BE54-9A1E7A4F7556}") = "DateTimeApp", "FromApps\DateTimeApp\DateTimeApp.csproj", "{DE79E721-D886-443C-8505-9FBC5A79C1BD}"
EndProject
Project("{2150E333-8FDC-42A3-9474-1A3956D46DE8}") = "演習問題", "演習問題", "{786099C5-9C17-474E-A535-97EF93729219}"
EndProject
Project("{9A19103F-16F7-4668-BE54-9A1E7A4F7556}") = "Exercise01", "chapter08\演習問題\Exercise01\Exercise01.csproj", "{D2BE3F51-59F6-4B89-911F-EC1A0F964467}"
EndProject
Project("{9A19103F-16F7-4668-BE54-9A1E7A4F7556}") = "CarReportSystem", "FromApps\CarReportSystem\CarReportSystem.csproj", "{CF99F27C-3BA1-4ADA-9A24-2EACDC6FC890}"
EndProject
Project("{2150E333-8FDC-42A3-9474-1A3956D46DE8}") = "chapter11", "chapter11", "{4CE53ED5-47D9-43DD-8544-A6E2A85FC4E6}"
EndProject
Project("{FAE04EC0-301F-11D3-BF4B-00C04F79EFBC}") = "Section01", "chapter11\Section01\Section01.csproj", "{48BB68F4-41C5-4EC2-B619-B5A9D6CEDFBA}"
EndProject
Project("{2150E333-8FDC-42A3-9474-1A3956D46DE8}") = "演習問題", "演習問題", "{B88DCCFC-0C19-46B7-ABD7-959767941EA7}"
EndProject
Project("{FAE04EC0-301F-11D3-BF4B-00C04F79EFBC}") = "Exercise01", "chapter11\演習問題\Exercise01\Exercise01.csproj", "{1F4CACEB-DA93-402C-B606-057531CE6292}"
EndProject
Project("{FAE04EC0-301F-11D3-BF4B-00C04F79EFBC}") = "Section02", "chapter11\Section02\Section02.csproj", "{F504A9FC-C190-403A-A4BF-A414AB03BB59}"
EndProject
Project("{2150E333-8FDC-42A3-9474-1A3956D46DE8}") = "chapter12", "chapter12", "{B51A0194-6899-42FC-B79B-032C5962C042}"
EndProject
Project("{FAE04EC0-301F-11D3-BF4B-00C04F79EFBC}") = "Section01", "chapter12\Section01\Section01.csproj", "{A2BDA2CB-3B75-4CD3-BEAE-85EEFF0A34CB}"
EndProject
Project("{2150E333-8FDC-42A3-9474-1A3956D46DE8}") = "演習問題", "演習問題", "{A56E5A20-6069-4A99-AAC3-4EDB8C9E9D33}"
EndProject
Project("{FAE04EC0-301F-11D3-BF4B-00C04F79EFBC}") = "Exercise01", "chapter12\演習問題\Exercise01\Exercise01.csproj", "{640BDE20-3538-4A38-9036-44E04615A9DD}"
EndProject
Project("{FAE04EC0-301F-11D3-BF4B-00C04F79EFBC}") = "Section02", "chapter12\Section02\Section02.csproj", "{C3361843-DC66-4E52-A588-B81E656CA8E4}"
EndProject
Project("{FAE04EC0-301F-11D3-BF4B-00C04F79EFBC}") = "RssReader", "FromApps\RssReader\RssReader.csproj", "{E0C49A91-1405-4469-A4BF-A76236A566F6}"
EndProject
Project("{2150E333-8FDC-42A3-9474-1A3956D46DE8}") = "chapter13", "chapter13", "{59CD2E44-720A-4E52-9F5E-9DCCC4BF0FBF}"
EndProject
Project("{FAE04EC0-301F-11D3-BF4B-00C04F79EFBC}") = "SampleEntityFramework", "chapter13\SampleEntityFramework\SampleEntityFramework.csproj", "{568B239C-154B-49A2-832B-A89E9A86FA80}"
EndProject
Project("{2150E333-8FDC-42A3-9474-1A3956D46DE8}") = "chapter15", "chapter15", "{B276583B-F465-4282-99CF-FD8DF0B01269}"
EndProject
Project("{FAE04EC0-301F-11D3-BF4B-00C04F79EFBC}") = "Section01", "chapter15\Section01\Section01.csproj", "{2AC4AED6-87A0-4C25-B9B6-6FB8CF39272E}"
EndProject
Project("{2150E333-8FDC-42A3-9474-1A3956D46DE8}") = "演習問題", "演習問題", "{EE28BE7B-3A1B-4E3B-9F37-52D3F67943F6}"
EndProject
Project("{FAE04EC0-301F-11D3-BF4B-00C04F79EFBC}") = "Exercise01", "chapter15\演習問題\Exercise01\Exercise01.csproj", "{8A9ED57A-CEC4-4ADD-B6F7-21EAD023BC8A}"
EndProject
Project("{2150E333-8FDC-42A3-9474-1A3956D46DE8}") = "chapter16", "chapter16", "{30D2B92D-3A56-4C9A-8B73-53D8F7CF660F}"
EndProject
Project("{FAE04EC0-301F-11D3-BF4B-00C04F79EFBC}") = "Section03", "chapter16\Section03\Section03.csproj", "{A5CBF93D-7A98-4A58-91C1-748759D53E4A}"
EndProject
Project("{FAE04EC0-301F-11D3-BF4B-00C04F79EFBC}") = "Section04", "chapter16\Section04\Section04.csproj", "{E51E189D-C02A-4E2D-AC86-FC9B5E915D9A}"
EndProject
Project("{2150E333-8FDC-42A3-9474-1A3956D46DE8}") = "chapter17", "chapter17", "{9B1C363A-B448-4640-B028-91E1182FB474}"
EndProject
Project("{FAE04EC0-301F-11D3-BF4B-00C04F79EFBC}") = "Section01", "chapter17\Section01\Section01.csproj", "{47992A61-4FD0-4E2F-ABC8-D4101683727C}"
EndProject
Project("{FAE04EC0-301F-11D3-BF4B-00C04F79EFBC}") = "Section02", "chapter17\Section02\Section02.csproj", "{1A036318-F466-4A88-8C37-605520585D99}"
EndProject
Project("{2150E333-8FDC-42A3-9474-1A3956D46DE8}") = "TemplateMethod", "TemplateMethod", "{0232EA7B-8355-4AB5-95EA-0AF7BA5F8607}"
EndProject
Project("{FAE04EC0-301F-11D3-BF4B-00C04F79EFBC}") = "TextFileProcessor", "chapter17\TemplateMethod\TextFileProcessor\TextFileProcessor.csproj", "{B2FF4E2C-62AB-4F3A-89E3-FAE23846D1D8}"
EndProject
Project("{FAE04EC0-301F-11D3-BF4B-00C04F79EFBC}") = "LineCounter", "chapter17\TemplateMethod\LineCounter\LineCounter.csproj", "{F362D68D-5880-4556-9A01-44C87A53FA97}"
EndProject
Project("{2150E333-8FDC-42A3-9474-1A3956D46DE8}") = "Strategy", "Strategy", "{70A8B2B1-F430-42C1-A5C6-3036FCCB37C6}"
EndProject
Project("{FAE04EC0-301F-11D3-BF4B-00C04F79EFBC}") = "DistanceConverter", "chapter17\Strategy\DistanceConverter\DistanceConverter.csproj", "{4AB93299-9755-4D88-8ABE-2554C20C098E}"
EndProject
Project("{FAE04EC0-301F-11D3-BF4B-00C04F79EFBC}") = "TextNumberSizeChange", "chapter17\TemplateMethod\TextNumberSizeChange\TextNumberSizeChange.csproj", "{F4E6F79D-B70D-4931-9276-90F5FACA9F95}"
EndProject
Project("{2150E333-8FDC-42A3-9474-1A3956D46DE8}") = "WPF", "WPF", "{7EF1876A-956F-40CC-BD31-D64B6C6E6FB0}"
EndProject
Project("{FAE04EC0-301F-11D3-BF4B-00C04F79EFBC}") = "SampleApplication", "WPF\SampleApplication\SampleApplication.csproj", "{CD95DC2C-8BF4-416C-A369-2B4DD2BFB1A4}"
EndProject
Project("{FAE04EC0-301F-11D3-BF4B-00C04F79EFBC}") = "GridSample", "WPF\GridSample\GridSample.csproj", "{78645D7E-0DF3-4F33-BD01-24CB1EDDD625}"
EndProject
Project("{FAE04EC0-301F-11D3-BF4B-00C04F79EFBC}") = "SampleSlider", "WPF\SampleSlider\SampleSlider.csproj", "{FE3068AC-AD09-40C8-AD0B-6344CBFA9587}"
EndProject
Project("{FAE04EC0-301F-11D3-BF4B-00C04F79EFBC}") = "ColorChecker", "WPF\CollarChecker\ColorChecker.csproj", "{B65B8B6A-AE5F-4D2C-AF43-F79859F0A4E3}"
EndProject
Project("{FAE04EC0-301F-11D3-BF4B-00C04F79EFBC}") = "SampleUnitConverter", "WPF\sampleUnitConverter\SampleUnitConverter.csproj", "{85557EA8-E683-4BB1-ACA9-D5D803E15182}"
EndProject
Project("{FAE04EC0-301F-11D3-BF4B-00C04F79EFBC}") = "SampleWeightUnitConverter", "WPF\SampleWeightConverter\SampleWeightUnitConverter.csproj", "{F79515C6-6D79-4003-9100-DE2BEDEE8ED0}"
EndProject
Project("{FAE04EC0-301F-11D3-BF4B-00C04F79EFBC}") = "VisibilityConverter", "WPF\VisibilityConverter\VisibilityConverter.csproj", "{B033C073-8DA7-4DC8-9E74-F845AC132D40}"
EndProject
Project("{2150E333-8FDC-42A3-9474-1A3956D46DE8}") = "SQLite", "SQLite", "{A96BCE98-A6BD-48AE-97AC-DE5681100A0F}"
EndProject
Project("{FAE04EC0-301F-11D3-BF4B-00C04F79EFBC}") = "CustomerApp", "SQLite\CustomerApp\CustomerApp.csproj", "{F7A1713A-509D-40E6-B9A0-CB68FF2A8C61}"
EndProject
Project("{2150E333-8FDC-42A3-9474-1A3956D46DE8}") = "Python", "Python", "{36AA2687-0D47-4835-8309-F0673F7D4F76}"
EndProject
Project("{888888A0-9F3D-457C-B088-3A5042F75D52}") = "SamplePython", "Python\SamplePython\SamplePython.pyproj", "{4D364C56-412F-4722-948E-50B97FB44F56}"
EndProject
Global
	GlobalSection(SolutionConfigurationPlatforms) = preSolution
		Debug|Any CPU = Debug|Any CPU
		Release|Any CPU = Release|Any CPU
	EndGlobalSection
	GlobalSection(ProjectConfigurationPlatforms) = postSolution
		{D0D27F84-483F-449F-BD8D-DBF99FB5C80E}.Debug|Any CPU.ActiveCfg = Debug|Any CPU
		{D0D27F84-483F-449F-BD8D-DBF99FB5C80E}.Debug|Any CPU.Build.0 = Debug|Any CPU
		{D0D27F84-483F-449F-BD8D-DBF99FB5C80E}.Release|Any CPU.ActiveCfg = Release|Any CPU
		{D0D27F84-483F-449F-BD8D-DBF99FB5C80E}.Release|Any CPU.Build.0 = Release|Any CPU
		{9A0DC62B-0F97-44E4-9B32-0D2C004DEA84}.Debug|Any CPU.ActiveCfg = Debug|Any CPU
		{9A0DC62B-0F97-44E4-9B32-0D2C004DEA84}.Debug|Any CPU.Build.0 = Debug|Any CPU
		{9A0DC62B-0F97-44E4-9B32-0D2C004DEA84}.Release|Any CPU.ActiveCfg = Release|Any CPU
		{9A0DC62B-0F97-44E4-9B32-0D2C004DEA84}.Release|Any CPU.Build.0 = Release|Any CPU
		{7AA66F54-5F5E-4884-A946-2C8592B7A501}.Debug|Any CPU.ActiveCfg = Debug|Any CPU
		{7AA66F54-5F5E-4884-A946-2C8592B7A501}.Debug|Any CPU.Build.0 = Debug|Any CPU
		{7AA66F54-5F5E-4884-A946-2C8592B7A501}.Release|Any CPU.ActiveCfg = Release|Any CPU
		{7AA66F54-5F5E-4884-A946-2C8592B7A501}.Release|Any CPU.Build.0 = Release|Any CPU
		{8EF35437-0FB4-46F2-80CA-0CC2ECB90C5D}.Debug|Any CPU.ActiveCfg = Debug|Any CPU
		{8EF35437-0FB4-46F2-80CA-0CC2ECB90C5D}.Debug|Any CPU.Build.0 = Debug|Any CPU
		{8EF35437-0FB4-46F2-80CA-0CC2ECB90C5D}.Release|Any CPU.ActiveCfg = Release|Any CPU
		{8EF35437-0FB4-46F2-80CA-0CC2ECB90C5D}.Release|Any CPU.Build.0 = Release|Any CPU
		{E7CDF393-58D7-4E25-9894-4898777E94C8}.Debug|Any CPU.ActiveCfg = Debug|Any CPU
		{E7CDF393-58D7-4E25-9894-4898777E94C8}.Debug|Any CPU.Build.0 = Debug|Any CPU
		{E7CDF393-58D7-4E25-9894-4898777E94C8}.Release|Any CPU.ActiveCfg = Release|Any CPU
		{E7CDF393-58D7-4E25-9894-4898777E94C8}.Release|Any CPU.Build.0 = Release|Any CPU
		{3247E676-E9C0-482F-853F-E7049CDCCA25}.Debug|Any CPU.ActiveCfg = Debug|Any CPU
		{3247E676-E9C0-482F-853F-E7049CDCCA25}.Debug|Any CPU.Build.0 = Debug|Any CPU
		{3247E676-E9C0-482F-853F-E7049CDCCA25}.Release|Any CPU.ActiveCfg = Release|Any CPU
		{3247E676-E9C0-482F-853F-E7049CDCCA25}.Release|Any CPU.Build.0 = Release|Any CPU
		{AA5E52C3-D38A-4467-87C1-5832959DFCCE}.Debug|Any CPU.ActiveCfg = Debug|Any CPU
		{AA5E52C3-D38A-4467-87C1-5832959DFCCE}.Debug|Any CPU.Build.0 = Debug|Any CPU
		{AA5E52C3-D38A-4467-87C1-5832959DFCCE}.Release|Any CPU.ActiveCfg = Release|Any CPU
		{AA5E52C3-D38A-4467-87C1-5832959DFCCE}.Release|Any CPU.Build.0 = Release|Any CPU
		{F27417B6-C2AD-419C-A315-3EB8812D151E}.Debug|Any CPU.ActiveCfg = Debug|Any CPU
		{F27417B6-C2AD-419C-A315-3EB8812D151E}.Debug|Any CPU.Build.0 = Debug|Any CPU
		{F27417B6-C2AD-419C-A315-3EB8812D151E}.Release|Any CPU.ActiveCfg = Release|Any CPU
		{F27417B6-C2AD-419C-A315-3EB8812D151E}.Release|Any CPU.Build.0 = Release|Any CPU
		{D26C5D99-7D42-4ADA-BD45-611EFC5C946F}.Debug|Any CPU.ActiveCfg = Debug|Any CPU
		{D26C5D99-7D42-4ADA-BD45-611EFC5C946F}.Debug|Any CPU.Build.0 = Debug|Any CPU
		{D26C5D99-7D42-4ADA-BD45-611EFC5C946F}.Release|Any CPU.ActiveCfg = Release|Any CPU
		{D26C5D99-7D42-4ADA-BD45-611EFC5C946F}.Release|Any CPU.Build.0 = Release|Any CPU
		{22334261-FDD2-4BA1-9025-07B722786C7A}.Debug|Any CPU.ActiveCfg = Debug|Any CPU
		{22334261-FDD2-4BA1-9025-07B722786C7A}.Debug|Any CPU.Build.0 = Debug|Any CPU
		{22334261-FDD2-4BA1-9025-07B722786C7A}.Release|Any CPU.ActiveCfg = Release|Any CPU
		{22334261-FDD2-4BA1-9025-07B722786C7A}.Release|Any CPU.Build.0 = Release|Any CPU
		{5C1E9CE3-635B-4A5A-BF48-2F9AA5296367}.Debug|Any CPU.ActiveCfg = Debug|Any CPU
		{5C1E9CE3-635B-4A5A-BF48-2F9AA5296367}.Debug|Any CPU.Build.0 = Debug|Any CPU
		{5C1E9CE3-635B-4A5A-BF48-2F9AA5296367}.Release|Any CPU.ActiveCfg = Release|Any CPU
		{5C1E9CE3-635B-4A5A-BF48-2F9AA5296367}.Release|Any CPU.Build.0 = Release|Any CPU
		{F46E7E1C-2AC5-4CF7-89F4-FC41BA8F2ADF}.Debug|Any CPU.ActiveCfg = Debug|Any CPU
		{F46E7E1C-2AC5-4CF7-89F4-FC41BA8F2ADF}.Debug|Any CPU.Build.0 = Debug|Any CPU
		{F46E7E1C-2AC5-4CF7-89F4-FC41BA8F2ADF}.Release|Any CPU.ActiveCfg = Release|Any CPU
		{F46E7E1C-2AC5-4CF7-89F4-FC41BA8F2ADF}.Release|Any CPU.Build.0 = Release|Any CPU
		{D103D899-0297-4E52-B5AD-BDE4A8B3DB9C}.Debug|Any CPU.ActiveCfg = Debug|Any CPU
		{D103D899-0297-4E52-B5AD-BDE4A8B3DB9C}.Debug|Any CPU.Build.0 = Debug|Any CPU
		{D103D899-0297-4E52-B5AD-BDE4A8B3DB9C}.Release|Any CPU.ActiveCfg = Release|Any CPU
		{D103D899-0297-4E52-B5AD-BDE4A8B3DB9C}.Release|Any CPU.Build.0 = Release|Any CPU
		{FD4F0F58-D346-45B9-9CFE-93A555F8F7D9}.Debug|Any CPU.ActiveCfg = Debug|Any CPU
		{FD4F0F58-D346-45B9-9CFE-93A555F8F7D9}.Debug|Any CPU.Build.0 = Debug|Any CPU
		{FD4F0F58-D346-45B9-9CFE-93A555F8F7D9}.Release|Any CPU.ActiveCfg = Release|Any CPU
		{FD4F0F58-D346-45B9-9CFE-93A555F8F7D9}.Release|Any CPU.Build.0 = Release|Any CPU
		{93C886AB-460E-477B-B86A-20E6D6288157}.Debug|Any CPU.ActiveCfg = Debug|Any CPU
		{93C886AB-460E-477B-B86A-20E6D6288157}.Debug|Any CPU.Build.0 = Debug|Any CPU
		{93C886AB-460E-477B-B86A-20E6D6288157}.Release|Any CPU.ActiveCfg = Release|Any CPU
		{93C886AB-460E-477B-B86A-20E6D6288157}.Release|Any CPU.Build.0 = Release|Any CPU
		{B15FE0DB-F9C7-4506-A30D-94C2DA3915EF}.Debug|Any CPU.ActiveCfg = Debug|Any CPU
		{B15FE0DB-F9C7-4506-A30D-94C2DA3915EF}.Debug|Any CPU.Build.0 = Debug|Any CPU
		{B15FE0DB-F9C7-4506-A30D-94C2DA3915EF}.Release|Any CPU.ActiveCfg = Release|Any CPU
		{B15FE0DB-F9C7-4506-A30D-94C2DA3915EF}.Release|Any CPU.Build.0 = Release|Any CPU
		{1A4E41D9-01E6-4B8B-B1F8-9E041C6C4B41}.Debug|Any CPU.ActiveCfg = Debug|Any CPU
		{1A4E41D9-01E6-4B8B-B1F8-9E041C6C4B41}.Debug|Any CPU.Build.0 = Debug|Any CPU
		{1A4E41D9-01E6-4B8B-B1F8-9E041C6C4B41}.Release|Any CPU.ActiveCfg = Release|Any CPU
		{1A4E41D9-01E6-4B8B-B1F8-9E041C6C4B41}.Release|Any CPU.Build.0 = Release|Any CPU
		{96A52A53-8B3A-4077-A2B9-0238EB4A2A55}.Debug|Any CPU.ActiveCfg = Debug|Any CPU
		{96A52A53-8B3A-4077-A2B9-0238EB4A2A55}.Debug|Any CPU.Build.0 = Debug|Any CPU
		{96A52A53-8B3A-4077-A2B9-0238EB4A2A55}.Release|Any CPU.ActiveCfg = Release|Any CPU
		{96A52A53-8B3A-4077-A2B9-0238EB4A2A55}.Release|Any CPU.Build.0 = Release|Any CPU
		{622F3BBA-CF74-41F0-A2CB-16D356DEE34B}.Debug|Any CPU.ActiveCfg = Debug|Any CPU
		{622F3BBA-CF74-41F0-A2CB-16D356DEE34B}.Debug|Any CPU.Build.0 = Debug|Any CPU
		{622F3BBA-CF74-41F0-A2CB-16D356DEE34B}.Release|Any CPU.ActiveCfg = Release|Any CPU
		{622F3BBA-CF74-41F0-A2CB-16D356DEE34B}.Release|Any CPU.Build.0 = Release|Any CPU
		{32FCDFD6-7612-463F-A1ED-38B068AE602A}.Debug|Any CPU.ActiveCfg = Debug|Any CPU
		{32FCDFD6-7612-463F-A1ED-38B068AE602A}.Debug|Any CPU.Build.0 = Debug|Any CPU
		{32FCDFD6-7612-463F-A1ED-38B068AE602A}.Release|Any CPU.ActiveCfg = Release|Any CPU
		{32FCDFD6-7612-463F-A1ED-38B068AE602A}.Release|Any CPU.Build.0 = Release|Any CPU
		{2616CCE2-F157-490A-83DC-A45D01A359D4}.Debug|Any CPU.ActiveCfg = Debug|Any CPU
		{2616CCE2-F157-490A-83DC-A45D01A359D4}.Debug|Any CPU.Build.0 = Debug|Any CPU
		{2616CCE2-F157-490A-83DC-A45D01A359D4}.Release|Any CPU.ActiveCfg = Release|Any CPU
		{2616CCE2-F157-490A-83DC-A45D01A359D4}.Release|Any CPU.Build.0 = Release|Any CPU
		{C3F546B1-8427-46E9-82E9-95407C8D7D62}.Debug|Any CPU.ActiveCfg = Debug|Any CPU
		{C3F546B1-8427-46E9-82E9-95407C8D7D62}.Debug|Any CPU.Build.0 = Debug|Any CPU
		{C3F546B1-8427-46E9-82E9-95407C8D7D62}.Release|Any CPU.ActiveCfg = Release|Any CPU
		{C3F546B1-8427-46E9-82E9-95407C8D7D62}.Release|Any CPU.Build.0 = Release|Any CPU
		{2BFACDC3-F44D-4199-8498-F5C3C4AC0335}.Debug|Any CPU.ActiveCfg = Debug|Any CPU
		{2BFACDC3-F44D-4199-8498-F5C3C4AC0335}.Debug|Any CPU.Build.0 = Debug|Any CPU
		{2BFACDC3-F44D-4199-8498-F5C3C4AC0335}.Release|Any CPU.ActiveCfg = Release|Any CPU
		{2BFACDC3-F44D-4199-8498-F5C3C4AC0335}.Release|Any CPU.Build.0 = Release|Any CPU
		{E461C0A8-8900-485C-B520-E929BA33F712}.Debug|Any CPU.ActiveCfg = Debug|Any CPU
		{E461C0A8-8900-485C-B520-E929BA33F712}.Debug|Any CPU.Build.0 = Debug|Any CPU
		{E461C0A8-8900-485C-B520-E929BA33F712}.Release|Any CPU.ActiveCfg = Release|Any CPU
		{E461C0A8-8900-485C-B520-E929BA33F712}.Release|Any CPU.Build.0 = Release|Any CPU
		{0EAE9061-82E1-48FF-88FC-B4166C5F8440}.Debug|Any CPU.ActiveCfg = Debug|Any CPU
		{0EAE9061-82E1-48FF-88FC-B4166C5F8440}.Debug|Any CPU.Build.0 = Debug|Any CPU
		{0EAE9061-82E1-48FF-88FC-B4166C5F8440}.Release|Any CPU.ActiveCfg = Release|Any CPU
		{0EAE9061-82E1-48FF-88FC-B4166C5F8440}.Release|Any CPU.Build.0 = Release|Any CPU
		{EE475C95-66D8-458D-A489-50A0CC5E8F1E}.Debug|Any CPU.ActiveCfg = Debug|Any CPU
		{EE475C95-66D8-458D-A489-50A0CC5E8F1E}.Debug|Any CPU.Build.0 = Debug|Any CPU
		{EE475C95-66D8-458D-A489-50A0CC5E8F1E}.Release|Any CPU.ActiveCfg = Release|Any CPU
		{EE475C95-66D8-458D-A489-50A0CC5E8F1E}.Release|Any CPU.Build.0 = Release|Any CPU
		{63D457F9-7B67-4125-82C2-92225C62701D}.Debug|Any CPU.ActiveCfg = Debug|Any CPU
		{63D457F9-7B67-4125-82C2-92225C62701D}.Debug|Any CPU.Build.0 = Debug|Any CPU
		{63D457F9-7B67-4125-82C2-92225C62701D}.Release|Any CPU.ActiveCfg = Release|Any CPU
		{63D457F9-7B67-4125-82C2-92225C62701D}.Release|Any CPU.Build.0 = Release|Any CPU
		{DE79E721-D886-443C-8505-9FBC5A79C1BD}.Debug|Any CPU.ActiveCfg = Debug|Any CPU
		{DE79E721-D886-443C-8505-9FBC5A79C1BD}.Debug|Any CPU.Build.0 = Debug|Any CPU
		{DE79E721-D886-443C-8505-9FBC5A79C1BD}.Release|Any CPU.ActiveCfg = Release|Any CPU
		{DE79E721-D886-443C-8505-9FBC5A79C1BD}.Release|Any CPU.Build.0 = Release|Any CPU
		{D2BE3F51-59F6-4B89-911F-EC1A0F964467}.Debug|Any CPU.ActiveCfg = Debug|Any CPU
		{D2BE3F51-59F6-4B89-911F-EC1A0F964467}.Debug|Any CPU.Build.0 = Debug|Any CPU
		{D2BE3F51-59F6-4B89-911F-EC1A0F964467}.Release|Any CPU.ActiveCfg = Release|Any CPU
		{D2BE3F51-59F6-4B89-911F-EC1A0F964467}.Release|Any CPU.Build.0 = Release|Any CPU
		{CF99F27C-3BA1-4ADA-9A24-2EACDC6FC890}.Debug|Any CPU.ActiveCfg = Debug|Any CPU
		{CF99F27C-3BA1-4ADA-9A24-2EACDC6FC890}.Debug|Any CPU.Build.0 = Debug|Any CPU
		{CF99F27C-3BA1-4ADA-9A24-2EACDC6FC890}.Release|Any CPU.ActiveCfg = Release|Any CPU
		{CF99F27C-3BA1-4ADA-9A24-2EACDC6FC890}.Release|Any CPU.Build.0 = Release|Any CPU
		{48BB68F4-41C5-4EC2-B619-B5A9D6CEDFBA}.Debug|Any CPU.ActiveCfg = Debug|Any CPU
		{48BB68F4-41C5-4EC2-B619-B5A9D6CEDFBA}.Debug|Any CPU.Build.0 = Debug|Any CPU
		{48BB68F4-41C5-4EC2-B619-B5A9D6CEDFBA}.Release|Any CPU.ActiveCfg = Release|Any CPU
		{48BB68F4-41C5-4EC2-B619-B5A9D6CEDFBA}.Release|Any CPU.Build.0 = Release|Any CPU
		{1F4CACEB-DA93-402C-B606-057531CE6292}.Debug|Any CPU.ActiveCfg = Debug|Any CPU
		{1F4CACEB-DA93-402C-B606-057531CE6292}.Debug|Any CPU.Build.0 = Debug|Any CPU
		{1F4CACEB-DA93-402C-B606-057531CE6292}.Release|Any CPU.ActiveCfg = Release|Any CPU
		{1F4CACEB-DA93-402C-B606-057531CE6292}.Release|Any CPU.Build.0 = Release|Any CPU
		{F504A9FC-C190-403A-A4BF-A414AB03BB59}.Debug|Any CPU.ActiveCfg = Debug|Any CPU
		{F504A9FC-C190-403A-A4BF-A414AB03BB59}.Debug|Any CPU.Build.0 = Debug|Any CPU
		{F504A9FC-C190-403A-A4BF-A414AB03BB59}.Release|Any CPU.ActiveCfg = Release|Any CPU
		{F504A9FC-C190-403A-A4BF-A414AB03BB59}.Release|Any CPU.Build.0 = Release|Any CPU
		{A2BDA2CB-3B75-4CD3-BEAE-85EEFF0A34CB}.Debug|Any CPU.ActiveCfg = Debug|Any CPU
		{A2BDA2CB-3B75-4CD3-BEAE-85EEFF0A34CB}.Debug|Any CPU.Build.0 = Debug|Any CPU
		{A2BDA2CB-3B75-4CD3-BEAE-85EEFF0A34CB}.Release|Any CPU.ActiveCfg = Release|Any CPU
		{A2BDA2CB-3B75-4CD3-BEAE-85EEFF0A34CB}.Release|Any CPU.Build.0 = Release|Any CPU
		{640BDE20-3538-4A38-9036-44E04615A9DD}.Debug|Any CPU.ActiveCfg = Debug|Any CPU
		{640BDE20-3538-4A38-9036-44E04615A9DD}.Debug|Any CPU.Build.0 = Debug|Any CPU
		{640BDE20-3538-4A38-9036-44E04615A9DD}.Release|Any CPU.ActiveCfg = Release|Any CPU
		{640BDE20-3538-4A38-9036-44E04615A9DD}.Release|Any CPU.Build.0 = Release|Any CPU
		{C3361843-DC66-4E52-A588-B81E656CA8E4}.Debug|Any CPU.ActiveCfg = Debug|Any CPU
		{C3361843-DC66-4E52-A588-B81E656CA8E4}.Debug|Any CPU.Build.0 = Debug|Any CPU
		{C3361843-DC66-4E52-A588-B81E656CA8E4}.Release|Any CPU.ActiveCfg = Release|Any CPU
		{C3361843-DC66-4E52-A588-B81E656CA8E4}.Release|Any CPU.Build.0 = Release|Any CPU
		{E0C49A91-1405-4469-A4BF-A76236A566F6}.Debug|Any CPU.ActiveCfg = Debug|Any CPU
		{E0C49A91-1405-4469-A4BF-A76236A566F6}.Debug|Any CPU.Build.0 = Debug|Any CPU
		{E0C49A91-1405-4469-A4BF-A76236A566F6}.Release|Any CPU.ActiveCfg = Release|Any CPU
		{E0C49A91-1405-4469-A4BF-A76236A566F6}.Release|Any CPU.Build.0 = Release|Any CPU
		{568B239C-154B-49A2-832B-A89E9A86FA80}.Debug|Any CPU.ActiveCfg = Debug|Any CPU
		{568B239C-154B-49A2-832B-A89E9A86FA80}.Debug|Any CPU.Build.0 = Debug|Any CPU
		{568B239C-154B-49A2-832B-A89E9A86FA80}.Release|Any CPU.ActiveCfg = Release|Any CPU
		{568B239C-154B-49A2-832B-A89E9A86FA80}.Release|Any CPU.Build.0 = Release|Any CPU
		{2AC4AED6-87A0-4C25-B9B6-6FB8CF39272E}.Debug|Any CPU.ActiveCfg = Debug|Any CPU
		{2AC4AED6-87A0-4C25-B9B6-6FB8CF39272E}.Debug|Any CPU.Build.0 = Debug|Any CPU
		{2AC4AED6-87A0-4C25-B9B6-6FB8CF39272E}.Release|Any CPU.ActiveCfg = Release|Any CPU
		{2AC4AED6-87A0-4C25-B9B6-6FB8CF39272E}.Release|Any CPU.Build.0 = Release|Any CPU
		{8A9ED57A-CEC4-4ADD-B6F7-21EAD023BC8A}.Debug|Any CPU.ActiveCfg = Debug|Any CPU
		{8A9ED57A-CEC4-4ADD-B6F7-21EAD023BC8A}.Debug|Any CPU.Build.0 = Debug|Any CPU
		{8A9ED57A-CEC4-4ADD-B6F7-21EAD023BC8A}.Release|Any CPU.ActiveCfg = Release|Any CPU
		{8A9ED57A-CEC4-4ADD-B6F7-21EAD023BC8A}.Release|Any CPU.Build.0 = Release|Any CPU
		{A5CBF93D-7A98-4A58-91C1-748759D53E4A}.Debug|Any CPU.ActiveCfg = Debug|Any CPU
		{A5CBF93D-7A98-4A58-91C1-748759D53E4A}.Debug|Any CPU.Build.0 = Debug|Any CPU
		{A5CBF93D-7A98-4A58-91C1-748759D53E4A}.Release|Any CPU.ActiveCfg = Release|Any CPU
		{A5CBF93D-7A98-4A58-91C1-748759D53E4A}.Release|Any CPU.Build.0 = Release|Any CPU
		{E51E189D-C02A-4E2D-AC86-FC9B5E915D9A}.Debug|Any CPU.ActiveCfg = Debug|Any CPU
		{E51E189D-C02A-4E2D-AC86-FC9B5E915D9A}.Debug|Any CPU.Build.0 = Debug|Any CPU
		{E51E189D-C02A-4E2D-AC86-FC9B5E915D9A}.Release|Any CPU.ActiveCfg = Release|Any CPU
		{E51E189D-C02A-4E2D-AC86-FC9B5E915D9A}.Release|Any CPU.Build.0 = Release|Any CPU
		{47992A61-4FD0-4E2F-ABC8-D4101683727C}.Debug|Any CPU.ActiveCfg = Debug|Any CPU
		{47992A61-4FD0-4E2F-ABC8-D4101683727C}.Debug|Any CPU.Build.0 = Debug|Any CPU
		{47992A61-4FD0-4E2F-ABC8-D4101683727C}.Release|Any CPU.ActiveCfg = Release|Any CPU
		{47992A61-4FD0-4E2F-ABC8-D4101683727C}.Release|Any CPU.Build.0 = Release|Any CPU
		{1A036318-F466-4A88-8C37-605520585D99}.Debug|Any CPU.ActiveCfg = Debug|Any CPU
		{1A036318-F466-4A88-8C37-605520585D99}.Debug|Any CPU.Build.0 = Debug|Any CPU
		{1A036318-F466-4A88-8C37-605520585D99}.Release|Any CPU.ActiveCfg = Release|Any CPU
		{1A036318-F466-4A88-8C37-605520585D99}.Release|Any CPU.Build.0 = Release|Any CPU
		{B2FF4E2C-62AB-4F3A-89E3-FAE23846D1D8}.Debug|Any CPU.ActiveCfg = Debug|Any CPU
		{B2FF4E2C-62AB-4F3A-89E3-FAE23846D1D8}.Debug|Any CPU.Build.0 = Debug|Any CPU
		{B2FF4E2C-62AB-4F3A-89E3-FAE23846D1D8}.Release|Any CPU.ActiveCfg = Release|Any CPU
		{B2FF4E2C-62AB-4F3A-89E3-FAE23846D1D8}.Release|Any CPU.Build.0 = Release|Any CPU
		{F362D68D-5880-4556-9A01-44C87A53FA97}.Debug|Any CPU.ActiveCfg = Debug|Any CPU
		{F362D68D-5880-4556-9A01-44C87A53FA97}.Debug|Any CPU.Build.0 = Debug|Any CPU
		{F362D68D-5880-4556-9A01-44C87A53FA97}.Release|Any CPU.ActiveCfg = Release|Any CPU
		{F362D68D-5880-4556-9A01-44C87A53FA97}.Release|Any CPU.Build.0 = Release|Any CPU
		{4AB93299-9755-4D88-8ABE-2554C20C098E}.Debug|Any CPU.ActiveCfg = Debug|Any CPU
		{4AB93299-9755-4D88-8ABE-2554C20C098E}.Debug|Any CPU.Build.0 = Debug|Any CPU
		{4AB93299-9755-4D88-8ABE-2554C20C098E}.Release|Any CPU.ActiveCfg = Release|Any CPU
		{4AB93299-9755-4D88-8ABE-2554C20C098E}.Release|Any CPU.Build.0 = Release|Any CPU
		{F4E6F79D-B70D-4931-9276-90F5FACA9F95}.Debug|Any CPU.ActiveCfg = Debug|Any CPU
		{F4E6F79D-B70D-4931-9276-90F5FACA9F95}.Debug|Any CPU.Build.0 = Debug|Any CPU
		{F4E6F79D-B70D-4931-9276-90F5FACA9F95}.Release|Any CPU.ActiveCfg = Release|Any CPU
		{F4E6F79D-B70D-4931-9276-90F5FACA9F95}.Release|Any CPU.Build.0 = Release|Any CPU
		{CD95DC2C-8BF4-416C-A369-2B4DD2BFB1A4}.Debug|Any CPU.ActiveCfg = Debug|Any CPU
		{CD95DC2C-8BF4-416C-A369-2B4DD2BFB1A4}.Debug|Any CPU.Build.0 = Debug|Any CPU
		{CD95DC2C-8BF4-416C-A369-2B4DD2BFB1A4}.Release|Any CPU.ActiveCfg = Release|Any CPU
		{CD95DC2C-8BF4-416C-A369-2B4DD2BFB1A4}.Release|Any CPU.Build.0 = Release|Any CPU
		{78645D7E-0DF3-4F33-BD01-24CB1EDDD625}.Debug|Any CPU.ActiveCfg = Debug|Any CPU
		{78645D7E-0DF3-4F33-BD01-24CB1EDDD625}.Debug|Any CPU.Build.0 = Debug|Any CPU
		{78645D7E-0DF3-4F33-BD01-24CB1EDDD625}.Release|Any CPU.ActiveCfg = Release|Any CPU
		{78645D7E-0DF3-4F33-BD01-24CB1EDDD625}.Release|Any CPU.Build.0 = Release|Any CPU
		{FE3068AC-AD09-40C8-AD0B-6344CBFA9587}.Debug|Any CPU.ActiveCfg = Debug|Any CPU
		{FE3068AC-AD09-40C8-AD0B-6344CBFA9587}.Debug|Any CPU.Build.0 = Debug|Any CPU
		{FE3068AC-AD09-40C8-AD0B-6344CBFA9587}.Release|Any CPU.ActiveCfg = Release|Any CPU
		{FE3068AC-AD09-40C8-AD0B-6344CBFA9587}.Release|Any CPU.Build.0 = Release|Any CPU
		{B65B8B6A-AE5F-4D2C-AF43-F79859F0A4E3}.Debug|Any CPU.ActiveCfg = Debug|Any CPU
		{B65B8B6A-AE5F-4D2C-AF43-F79859F0A4E3}.Debug|Any CPU.Build.0 = Debug|Any CPU
		{B65B8B6A-AE5F-4D2C-AF43-F79859F0A4E3}.Release|Any CPU.ActiveCfg = Release|Any CPU
		{B65B8B6A-AE5F-4D2C-AF43-F79859F0A4E3}.Release|Any CPU.Build.0 = Release|Any CPU
		{85557EA8-E683-4BB1-ACA9-D5D803E15182}.Debug|Any CPU.ActiveCfg = Debug|Any CPU
		{85557EA8-E683-4BB1-ACA9-D5D803E15182}.Debug|Any CPU.Build.0 = Debug|Any CPU
		{85557EA8-E683-4BB1-ACA9-D5D803E15182}.Release|Any CPU.ActiveCfg = Release|Any CPU
		{85557EA8-E683-4BB1-ACA9-D5D803E15182}.Release|Any CPU.Build.0 = Release|Any CPU
		{F79515C6-6D79-4003-9100-DE2BEDEE8ED0}.Debug|Any CPU.ActiveCfg = Debug|Any CPU
		{F79515C6-6D79-4003-9100-DE2BEDEE8ED0}.Debug|Any CPU.Build.0 = Debug|Any CPU
		{F79515C6-6D79-4003-9100-DE2BEDEE8ED0}.Release|Any CPU.ActiveCfg = Release|Any CPU
		{F79515C6-6D79-4003-9100-DE2BEDEE8ED0}.Release|Any CPU.Build.0 = Release|Any CPU
		{B033C073-8DA7-4DC8-9E74-F845AC132D40}.Debug|Any CPU.ActiveCfg = Debug|Any CPU
		{B033C073-8DA7-4DC8-9E74-F845AC132D40}.Debug|Any CPU.Build.0 = Debug|Any CPU
		{B033C073-8DA7-4DC8-9E74-F845AC132D40}.Release|Any CPU.ActiveCfg = Release|Any CPU
		{B033C073-8DA7-4DC8-9E74-F845AC132D40}.Release|Any CPU.Build.0 = Release|Any CPU
		{F7A1713A-509D-40E6-B9A0-CB68FF2A8C61}.Debug|Any CPU.ActiveCfg = Debug|Any CPU
		{F7A1713A-509D-40E6-B9A0-CB68FF2A8C61}.Debug|Any CPU.Build.0 = Debug|Any CPU
		{F7A1713A-509D-40E6-B9A0-CB68FF2A8C61}.Release|Any CPU.ActiveCfg = Release|Any CPU
		{F7A1713A-509D-40E6-B9A0-CB68FF2A8C61}.Release|Any CPU.Build.0 = Release|Any CPU
		{4D364C56-412F-4722-948E-50B97FB44F56}.Debug|Any CPU.ActiveCfg = Debug|Any CPU
		{4D364C56-412F-4722-948E-50B97FB44F56}.Release|Any CPU.ActiveCfg = Release|Any CPU
	EndGlobalSection
	GlobalSection(SolutionProperties) = preSolution
		HideSolutionNode = FALSE
	EndGlobalSection
	GlobalSection(NestedProjects) = preSolution
		{D0D27F84-483F-449F-BD8D-DBF99FB5C80E} = {E42774F4-ADAB-4B27-92C3-FC0603706A83}
		{9A0DC62B-0F97-44E4-9B32-0D2C004DEA84} = {E42774F4-ADAB-4B27-92C3-FC0603706A83}
		{4D402AEB-3911-48D3-AA20-B176757757E3} = {E4D6C8BD-8253-4BCD-97F7-D816C665B6FD}
		{7AA66F54-5F5E-4884-A946-2C8592B7A501} = {4D402AEB-3911-48D3-AA20-B176757757E3}
		{C68BCD43-74D8-4E47-9DE9-80228B8F1ED4} = {E4D6C8BD-8253-4BCD-97F7-D816C665B6FD}
		{8EF35437-0FB4-46F2-80CA-0CC2ECB90C5D} = {C68BCD43-74D8-4E47-9DE9-80228B8F1ED4}
		{AA0AED66-3ACD-47C8-9F26-8470182E5A0B} = {E4D6C8BD-8253-4BCD-97F7-D816C665B6FD}
		{E7CDF393-58D7-4E25-9894-4898777E94C8} = {AA0AED66-3ACD-47C8-9F26-8470182E5A0B}
		{3247E676-E9C0-482F-853F-E7049CDCCA25} = {AA0AED66-3ACD-47C8-9F26-8470182E5A0B}
		{AA5E52C3-D38A-4467-87C1-5832959DFCCE} = {52D11A7D-7557-4D8A-98CF-51575B9768FA}
		{F27417B6-C2AD-419C-A315-3EB8812D151E} = {D2C330DC-9BA9-48B7-BABB-6DBB32E26D93}
		{F322C5F3-028E-4062-93BD-786932685621} = {D2C330DC-9BA9-48B7-BABB-6DBB32E26D93}
		{D26C5D99-7D42-4ADA-BD45-611EFC5C946F} = {F322C5F3-028E-4062-93BD-786932685621}
		{22334261-FDD2-4BA1-9025-07B722786C7A} = {F322C5F3-028E-4062-93BD-786932685621}
		{5C1E9CE3-635B-4A5A-BF48-2F9AA5296367} = {924EAF3F-E97D-4459-B1A9-1A8D35F1C9E9}
		{F46E7E1C-2AC5-4CF7-89F4-FC41BA8F2ADF} = {924EAF3F-E97D-4459-B1A9-1A8D35F1C9E9}
		{D103D899-0297-4E52-B5AD-BDE4A8B3DB9C} = {924EAF3F-E97D-4459-B1A9-1A8D35F1C9E9}
		{A48112EF-EE02-47D3-BA17-8625D55BCECA} = {C2E00FDE-AB97-4E8A-B974-17950BCEAE83}
		{FD4F0F58-D346-45B9-9CFE-93A555F8F7D9} = {A48112EF-EE02-47D3-BA17-8625D55BCECA}
		{93C886AB-460E-477B-B86A-20E6D6288157} = {A48112EF-EE02-47D3-BA17-8625D55BCECA}
		{B15FE0DB-F9C7-4506-A30D-94C2DA3915EF} = {A48112EF-EE02-47D3-BA17-8625D55BCECA}
		{1A4E41D9-01E6-4B8B-B1F8-9E041C6C4B41} = {A48112EF-EE02-47D3-BA17-8625D55BCECA}
		{96A52A53-8B3A-4077-A2B9-0238EB4A2A55} = {6DC0F69E-C1FE-49A8-8BC2-902EFFCC859E}
		{E3E70BB9-DE05-4677-B725-A55EA6996906} = {6DC0F69E-C1FE-49A8-8BC2-902EFFCC859E}
		{622F3BBA-CF74-41F0-A2CB-16D356DEE34B} = {E3E70BB9-DE05-4677-B725-A55EA6996906}
		{32FCDFD6-7612-463F-A1ED-38B068AE602A} = {E3E70BB9-DE05-4677-B725-A55EA6996906}
		{2616CCE2-F157-490A-83DC-A45D01A359D4} = {634A8B9C-0EB8-4E3F-BD9B-665C73497962}
		{C3F546B1-8427-46E9-82E9-95407C8D7D62} = {634A8B9C-0EB8-4E3F-BD9B-665C73497962}
		{2BFACDC3-F44D-4199-8498-F5C3C4AC0335} = {924AE6A0-F981-4A41-BD8B-CDB5B0AEC413}
		{E461C0A8-8900-485C-B520-E929BA33F712} = {924AE6A0-F981-4A41-BD8B-CDB5B0AEC413}
		{0EAE9061-82E1-48FF-88FC-B4166C5F8440} = {634A8B9C-0EB8-4E3F-BD9B-665C73497962}
		{EE475C95-66D8-458D-A489-50A0CC5E8F1E} = {634A8B9C-0EB8-4E3F-BD9B-665C73497962}
		{63D457F9-7B67-4125-82C2-92225C62701D} = {AAADFE71-9A6A-49BC-A239-8FABD4D257ED}
		{DE79E721-D886-443C-8505-9FBC5A79C1BD} = {52D11A7D-7557-4D8A-98CF-51575B9768FA}
		{786099C5-9C17-474E-A535-97EF93729219} = {AAADFE71-9A6A-49BC-A239-8FABD4D257ED}
		{D2BE3F51-59F6-4B89-911F-EC1A0F964467} = {786099C5-9C17-474E-A535-97EF93729219}
		{CF99F27C-3BA1-4ADA-9A24-2EACDC6FC890} = {52D11A7D-7557-4D8A-98CF-51575B9768FA}
		{48BB68F4-41C5-4EC2-B619-B5A9D6CEDFBA} = {4CE53ED5-47D9-43DD-8544-A6E2A85FC4E6}
		{B88DCCFC-0C19-46B7-ABD7-959767941EA7} = {4CE53ED5-47D9-43DD-8544-A6E2A85FC4E6}
		{1F4CACEB-DA93-402C-B606-057531CE6292} = {B88DCCFC-0C19-46B7-ABD7-959767941EA7}
		{F504A9FC-C190-403A-A4BF-A414AB03BB59} = {4CE53ED5-47D9-43DD-8544-A6E2A85FC4E6}
		{A2BDA2CB-3B75-4CD3-BEAE-85EEFF0A34CB} = {B51A0194-6899-42FC-B79B-032C5962C042}
		{A56E5A20-6069-4A99-AAC3-4EDB8C9E9D33} = {B51A0194-6899-42FC-B79B-032C5962C042}
		{640BDE20-3538-4A38-9036-44E04615A9DD} = {A56E5A20-6069-4A99-AAC3-4EDB8C9E9D33}
		{C3361843-DC66-4E52-A588-B81E656CA8E4} = {B51A0194-6899-42FC-B79B-032C5962C042}
		{E0C49A91-1405-4469-A4BF-A76236A566F6} = {52D11A7D-7557-4D8A-98CF-51575B9768FA}
		{568B239C-154B-49A2-832B-A89E9A86FA80} = {59CD2E44-720A-4E52-9F5E-9DCCC4BF0FBF}
		{2AC4AED6-87A0-4C25-B9B6-6FB8CF39272E} = {B276583B-F465-4282-99CF-FD8DF0B01269}
		{EE28BE7B-3A1B-4E3B-9F37-52D3F67943F6} = {B276583B-F465-4282-99CF-FD8DF0B01269}
		{8A9ED57A-CEC4-4ADD-B6F7-21EAD023BC8A} = {EE28BE7B-3A1B-4E3B-9F37-52D3F67943F6}
		{A5CBF93D-7A98-4A58-91C1-748759D53E4A} = {30D2B92D-3A56-4C9A-8B73-53D8F7CF660F}
		{E51E189D-C02A-4E2D-AC86-FC9B5E915D9A} = {30D2B92D-3A56-4C9A-8B73-53D8F7CF660F}
		{47992A61-4FD0-4E2F-ABC8-D4101683727C} = {9B1C363A-B448-4640-B028-91E1182FB474}
		{1A036318-F466-4A88-8C37-605520585D99} = {9B1C363A-B448-4640-B028-91E1182FB474}
		{0232EA7B-8355-4AB5-95EA-0AF7BA5F8607} = {9B1C363A-B448-4640-B028-91E1182FB474}
		{B2FF4E2C-62AB-4F3A-89E3-FAE23846D1D8} = {0232EA7B-8355-4AB5-95EA-0AF7BA5F8607}
		{F362D68D-5880-4556-9A01-44C87A53FA97} = {0232EA7B-8355-4AB5-95EA-0AF7BA5F8607}
		{70A8B2B1-F430-42C1-A5C6-3036FCCB37C6} = {9B1C363A-B448-4640-B028-91E1182FB474}
		{4AB93299-9755-4D88-8ABE-2554C20C098E} = {70A8B2B1-F430-42C1-A5C6-3036FCCB37C6}
		{F4E6F79D-B70D-4931-9276-90F5FACA9F95} = {0232EA7B-8355-4AB5-95EA-0AF7BA5F8607}
		{CD95DC2C-8BF4-416C-A369-2B4DD2BFB1A4} = {7EF1876A-956F-40CC-BD31-D64B6C6E6FB0}
		{78645D7E-0DF3-4F33-BD01-24CB1EDDD625} = {7EF1876A-956F-40CC-BD31-D64B6C6E6FB0}
		{FE3068AC-AD09-40C8-AD0B-6344CBFA9587} = {7EF1876A-956F-40CC-BD31-D64B6C6E6FB0}
		{B65B8B6A-AE5F-4D2C-AF43-F79859F0A4E3} = {7EF1876A-956F-40CC-BD31-D64B6C6E6FB0}
		{85557EA8-E683-4BB1-ACA9-D5D803E15182} = {7EF1876A-956F-40CC-BD31-D64B6C6E6FB0}
		{F79515C6-6D79-4003-9100-DE2BEDEE8ED0} = {7EF1876A-956F-40CC-BD31-D64B6C6E6FB0}
		{B033C073-8DA7-4DC8-9E74-F845AC132D40} = {7EF1876A-956F-40CC-BD31-D64B6C6E6FB0}
		{F7A1713A-509D-40E6-B9A0-CB68FF2A8C61} = {A96BCE98-A6BD-48AE-97AC-DE5681100A0F}
		{4D364C56-412F-4722-948E-50B97FB44F56} = {36AA2687-0D47-4835-8309-F0673F7D4F76}
	EndGlobalSection
	GlobalSection(ExtensibilityGlobals) = postSolution
		SolutionGuid = {5077CCBD-D221-4296-8A6B-C8A70EA7BCDE}
	EndGlobalSection
EndGlobal
