
Microsoft Visual Studio Solution File, Format Version 12.00
# Visual Studio Version 17
VisualStudioVersion = 17.9.34607.119
MinimumVisualStudioVersion = 10.0.40219.1
Project("{2150E333-8FDC-42A3-9474-1A3956D46DE8}") = "Chapter01", "Chapter01", "{E42774F4-ADAB-4B27-92C3-FC0603706A83}"
EndProject
Project("{FAE04EC0-301F-11D3-BF4B-00C04F79EFBC}") = "ProductSample", "Chapter01\ProductSample\ProductSample.csproj", "{D0D27F84-483F-449F-BD8D-DBF99FB5C80E}"
EndProject
Project("{FAE04EC0-301F-11D3-BF4B-00C04F79EFBC}") = "Sample_p38", "Chapter01\Sample_p38\Sample_p38.csproj", "{9A0DC62B-0F97-44E4-9B32-0D2C004DEA84}"
EndProject
Project("{2150E333-8FDC-42A3-9474-1A3956D46DE8}") = "Chapter02", "Chapter02", "{E4D6C8BD-8253-4BCD-97F7-D816C665B6FD}"
EndProject
Project("{2150E333-8FDC-42A3-9474-1A3956D46DE8}") = "距離換算プログラム", "距離換算プログラム", "{4D402AEB-3911-48D3-AA20-B176757757E3}"
EndProject
Project("{FAE04EC0-301F-11D3-BF4B-00C04F79EFBC}") = "DistanceConVerter", "Chapter02\DistanceConVerter\DistanceConVerter.csproj", "{7AA66F54-5F5E-4884-A946-2C8592B7A501}"
EndProject
Project("{2150E333-8FDC-42A3-9474-1A3956D46DE8}") = "売上集計プログラム", "売上集計プログラム", "{C68BCD43-74D8-4E47-9DE9-80228B8F1ED4}"
EndProject
Project("{FAE04EC0-301F-11D3-BF4B-00C04F79EFBC}") = "SalesCounter", "Chapter02\SalesCounter\SalesCounter.csproj", "{8EF35437-0FB4-46F2-80CA-0CC2ECB90C5D}"
EndProject
Project("{2150E333-8FDC-42A3-9474-1A3956D46DE8}") = "#演習問題", "#演習問題", "{AA0AED66-3ACD-47C8-9F26-8470182E5A0B}"
EndProject
Project("{FAE04EC0-301F-11D3-BF4B-00C04F79EFBC}") = "Exercise1", "Chapter02\演習問題\Exercise1\Exercise1.csproj", "{E7CDF393-58D7-4E25-9894-4898777E94C8}"
EndProject
Project("{FAE04EC0-301F-11D3-BF4B-00C04F79EFBC}") = "Exercise2", "Chapter02\演習問題\Exercise2\Exercise2.csproj", "{3247E676-E9C0-482F-853F-E7049CDCCA25}"
EndProject
Global
	GlobalSection(SolutionConfigurationPlatforms) = preSolution
		Debug|Any CPU = Debug|Any CPU
		Release|Any CPU = Release|Any CPU
	EndGlobalSection
	GlobalSection(ProjectConfigurationPlatforms) = postSolution
		{D0D27F84-483F-449F-BD8D-DBF99FB5C80E}.Debug|Any CPU.ActiveCfg = Debug|Any CPU
		{D0D27F84-483F-449F-BD8D-DBF99FB5C80E}.Debug|Any CPU.Build.0 = Debug|Any CPU
		{D0D27F84-483F-449F-BD8D-DBF99FB5C80E}.Release|Any CPU.ActiveCfg = Release|Any CPU
		{D0D27F84-483F-449F-BD8D-DBF99FB5C80E}.Release|Any CPU.Build.0 = Release|Any CPU
		{9A0DC62B-0F97-44E4-9B32-0D2C004DEA84}.Debug|Any CPU.ActiveCfg = Debug|Any CPU
		{9A0DC62B-0F97-44E4-9B32-0D2C004DEA84}.Debug|Any CPU.Build.0 = Debug|Any CPU
		{9A0DC62B-0F97-44E4-9B32-0D2C004DEA84}.Release|Any CPU.ActiveCfg = Release|Any CPU
		{9A0DC62B-0F97-44E4-9B32-0D2C004DEA84}.Release|Any CPU.Build.0 = Release|Any CPU
		{7AA66F54-5F5E-4884-A946-2C8592B7A501}.Debug|Any CPU.ActiveCfg = Debug|Any CPU
		{7AA66F54-5F5E-4884-A946-2C8592B7A501}.Debug|Any CPU.Build.0 = Debug|Any CPU
		{7AA66F54-5F5E-4884-A946-2C8592B7A501}.Release|Any CPU.ActiveCfg = Release|Any CPU
		{7AA66F54-5F5E-4884-A946-2C8592B7A501}.Release|Any CPU.Build.0 = Release|Any CPU
		{8EF35437-0FB4-46F2-80CA-0CC2ECB90C5D}.Debug|Any CPU.ActiveCfg = Debug|Any CPU
		{8EF35437-0FB4-46F2-80CA-0CC2ECB90C5D}.Debug|Any CPU.Build.0 = Debug|Any CPU
		{8EF35437-0FB4-46F2-80CA-0CC2ECB90C5D}.Release|Any CPU.ActiveCfg = Release|Any CPU
		{8EF35437-0FB4-46F2-80CA-0CC2ECB90C5D}.Release|Any CPU.Build.0 = Release|Any CPU
		{E7CDF393-58D7-4E25-9894-4898777E94C8}.Debug|Any CPU.ActiveCfg = Debug|Any CPU
		{E7CDF393-58D7-4E25-9894-4898777E94C8}.Debug|Any CPU.Build.0 = Debug|Any CPU
		{E7CDF393-58D7-4E25-9894-4898777E94C8}.Release|Any CPU.ActiveCfg = Release|Any CPU
		{E7CDF393-58D7-4E25-9894-4898777E94C8}.Release|Any CPU.Build.0 = Release|Any CPU
		{3247E676-E9C0-482F-853F-E7049CDCCA25}.Debug|Any CPU.ActiveCfg = Debug|Any CPU
		{3247E676-E9C0-482F-853F-E7049CDCCA25}.Debug|Any CPU.Build.0 = Debug|Any CPU
		{3247E676-E9C0-482F-853F-E7049CDCCA25}.Release|Any CPU.ActiveCfg = Release|Any CPU
		{3247E676-E9C0-482F-853F-E7049CDCCA25}.Release|Any CPU.Build.0 = Release|Any CPU
	EndGlobalSection
	GlobalSection(SolutionProperties) = preSolution
		HideSolutionNode = FALSE
	EndGlobalSection
	GlobalSection(NestedProjects) = preSolution
		{D0D27F84-483F-449F-BD8D-DBF99FB5C80E} = {E42774F4-ADAB-4B27-92C3-FC0603706A83}
		{9A0DC62B-0F97-44E4-9B32-0D2C004DEA84} = {E42774F4-ADAB-4B27-92C3-FC0603706A83}
		{4D402AEB-3911-48D3-AA20-B176757757E3} = {E4D6C8BD-8253-4BCD-97F7-D816C665B6FD}
		{7AA66F54-5F5E-4884-A946-2C8592B7A501} = {4D402AEB-3911-48D3-AA20-B176757757E3}
		{C68BCD43-74D8-4E47-9DE9-80228B8F1ED4} = {E4D6C8BD-8253-4BCD-97F7-D816C665B6FD}
		{8EF35437-0FB4-46F2-80CA-0CC2ECB90C5D} = {C68BCD43-74D8-4E47-9DE9-80228B8F1ED4}
		{AA0AED66-3ACD-47C8-9F26-8470182E5A0B} = {E4D6C8BD-8253-4BCD-97F7-D816C665B6FD}
		{E7CDF393-58D7-4E25-9894-4898777E94C8} = {AA0AED66-3ACD-47C8-9F26-8470182E5A0B}
		{3247E676-E9C0-482F-853F-E7049CDCCA25} = {AA0AED66-3ACD-47C8-9F26-8470182E5A0B}
	EndGlobalSection
	GlobalSection(ExtensibilityGlobals) = postSolution
		SolutionGuid = {5077CCBD-D221-4296-8A6B-C8A70EA7BCDE}
	EndGlobalSection
EndGlobal
