
Microsoft Visual Studio Solution File, Format Version 12.00
# Visual Studio Version 17
VisualStudioVersion = 17.9.34607.119
MinimumVisualStudioVersion = 10.0.40219.1
Project("{2150E333-8FDC-42A3-9474-1A3956D46DE8}") = "Chapter01", "Chapter01", "{E42774F4-ADAB-4B27-92C3-FC0603706A83}"
EndProject
Project("{FAE04EC0-301F-11D3-BF4B-00C04F79EFBC}") = "ProductSample", "Chapter01\ProductSample\ProductSample.csproj", "{D0D27F84-483F-449F-BD8D-DBF99FB5C80E}"
EndProject
Project("{FAE04EC0-301F-11D3-BF4B-00C04F79EFBC}") = "Sample_p38", "Chapter01\Sample_p38\Sample_p38.csproj", "{9A0DC62B-0F97-44E4-9B32-0D2C004DEA84}"
EndProject
Project("{2150E333-8FDC-42A3-9474-1A3956D46DE8}") = "Chapter02", "Chapter02", "{E4D6C8BD-8253-4BCD-97F7-D816C665B6FD}"
EndProject
Project("{2150E333-8FDC-42A3-9474-1A3956D46DE8}") = "距離換算プログラム", "距離換算プログラム", "{4D402AEB-3911-48D3-AA20-B176757757E3}"
EndProject
Project("{FAE04EC0-301F-11D3-BF4B-00C04F79EFBC}") = "DistanceConVerter", "Chapter02\DistanceConVerter\DistanceConVerter.csproj", "{7AA66F54-5F5E-4884-A946-2C8592B7A501}"
EndProject
Project("{2150E333-8FDC-42A3-9474-1A3956D46DE8}") = "売上集計プログラム", "売上集計プログラム", "{C68BCD43-74D8-4E47-9DE9-80228B8F1ED4}"
EndProject
Project("{FAE04EC0-301F-11D3-BF4B-00C04F79EFBC}") = "SalesCounter", "Chapter02\SalesCounter\SalesCounter.csproj", "{8EF35437-0FB4-46F2-80CA-0CC2ECB90C5D}"
EndProject
Project("{2150E333-8FDC-42A3-9474-1A3956D46DE8}") = "#演習問題", "#演習問題", "{AA0AED66-3ACD-47C8-9F26-8470182E5A0B}"
EndProject
Project("{FAE04EC0-301F-11D3-BF4B-00C04F79EFBC}") = "Exercise1", "Chapter02\演習問題\Exercise1\Exercise1.csproj", "{E7CDF393-58D7-4E25-9894-4898777E94C8}"
EndProject
Project("{FAE04EC0-301F-11D3-BF4B-00C04F79EFBC}") = "Exercise2", "Chapter02\演習問題\Exercise2\Exercise2.csproj", "{3247E676-E9C0-482F-853F-E7049CDCCA25}"
EndProject
Project("{2150E333-8FDC-42A3-9474-1A3956D46DE8}") = "FromApps", "FromApps", "{52D11A7D-7557-4D8A-98CF-51575B9768FA}"
EndProject
Project("{9A19103F-16F7-4668-BE54-9A1E7A4F7556}") = "BallApp", "FromApps\BallApp\BallApp.csproj", "{AA5E52C3-D38A-4467-87C1-5832959DFCCE}"
EndProject
Project("{2150E333-8FDC-42A3-9474-1A3956D46DE8}") = "chapter03", "chapter03", "{D2C330DC-9BA9-48B7-BABB-6DBB32E26D93}"
EndProject
Project("{FAE04EC0-301F-11D3-BF4B-00C04F79EFBC}") = "Section01", "chapter03\Section01\Section01.csproj", "{F27417B6-C2AD-419C-A315-3EB8812D151E}"
EndProject
Project("{2150E333-8FDC-42A3-9474-1A3956D46DE8}") = "演習問題", "演習問題", "{F322C5F3-028E-4062-93BD-786932685621}"
EndProject
Project("{FAE04EC0-301F-11D3-BF4B-00C04F79EFBC}") = "exercise01", "chapter03\演習問題\exercise01\exercise01.csproj", "{D26C5D99-7D42-4ADA-BD45-611EFC5C946F}"
EndProject
Project("{FAE04EC0-301F-11D3-BF4B-00C04F79EFBC}") = "exercise02", "chapter03\演習問題\exercise02\exercise02\exercise02.csproj", "{22334261-FDD2-4BA1-9025-07B722786C7A}"
EndProject
Project("{2150E333-8FDC-42A3-9474-1A3956D46DE8}") = "chapter04", "chapter04", "{924EAF3F-E97D-4459-B1A9-1A8D35F1C9E9}"
EndProject
Project("{FAE04EC0-301F-11D3-BF4B-00C04F79EFBC}") = "Section01", "chapter04\Section01\Section01.csproj", "{5C1E9CE3-635B-4A5A-BF48-2F9AA5296367}"
EndProject
Project("{FAE04EC0-301F-11D3-BF4B-00C04F79EFBC}") = "Exercise01", "chapter04\練習問題\Exercise\Exercise01.csproj", "{F46E7E1C-2AC5-4CF7-89F4-FC41BA8F2ADF}"
EndProject
Project("{FAE04EC0-301F-11D3-BF4B-00C04F79EFBC}") = "Exercise02", "chapter04\練習問題\Exercise02\Exercise02.csproj", "{D103D899-0297-4E52-B5AD-BDE4A8B3DB9C}"
EndProject
Project("{2150E333-8FDC-42A3-9474-1A3956D46DE8}") = "chapter05", "chapter05", "{C2E00FDE-AB97-4E8A-B974-17950BCEAE83}"
EndProject
Project("{2150E333-8FDC-42A3-9474-1A3956D46DE8}") = "演習問題", "演習問題", "{A48112EF-EE02-47D3-BA17-8625D55BCECA}"
EndProject
Project("{FAE04EC0-301F-11D3-BF4B-00C04F79EFBC}") = "Exercise01", "chapter05\演習問題\Exercise01\Exercise01.csproj", "{FD4F0F58-D346-45B9-9CFE-93A555F8F7D9}"
EndProject
Project("{FAE04EC0-301F-11D3-BF4B-00C04F79EFBC}") = "Exercise02", "chapter05\演習問題\Exercise02\Exercise02\Exercise02.csproj", "{93C886AB-460E-477B-B86A-20E6D6288157}"
EndProject
Project("{FAE04EC0-301F-11D3-BF4B-00C04F79EFBC}") = "Exercise03", "chapter05\演習問題\Exercise03\Exercise03\Exercise03.csproj", "{B15FE0DB-F9C7-4506-A30D-94C2DA3915EF}"
EndProject
Project("{FAE04EC0-301F-11D3-BF4B-00C04F79EFBC}") = "Exercise04", "chapter05\演習問題\Exercise04\Exercise04\Exercise04.csproj", "{1A4E41D9-01E6-4B8B-B1F8-9E041C6C4B41}"
EndProject
Project("{2150E333-8FDC-42A3-9474-1A3956D46DE8}") = "chapter06", "chapter06", "{6DC0F69E-C1FE-49A8-8BC2-902EFFCC859E}"
EndProject
Project("{FAE04EC0-301F-11D3-BF4B-00C04F79EFBC}") = "Section01", "chapter06\Section01\Section01.csproj", "{96A52A53-8B3A-4077-A2B9-0238EB4A2A55}"
EndProject
Project("{2150E333-8FDC-42A3-9474-1A3956D46DE8}") = "演習問題", "演習問題", "{E3E70BB9-DE05-4677-B725-A55EA6996906}"
EndProject
Project("{FAE04EC0-301F-11D3-BF4B-00C04F79EFBC}") = "Exercise01", "chapter06\演習問題\Exercise01\Exercise01.csproj", "{622F3BBA-CF74-41F0-A2CB-16D356DEE34B}"
EndProject
Project("{FAE04EC0-301F-11D3-BF4B-00C04F79EFBC}") = "Exercise02", "chapter06\演習問題\Exercise02\Exercise02.csproj", "{32FCDFD6-7612-463F-A1ED-38B068AE602A}"
EndProject
Project("{2150E333-8FDC-42A3-9474-1A3956D46DE8}") = "chapter07", "chapter07", "{634A8B9C-0EB8-4E3F-BD9B-665C73497962}"
EndProject
Project("{FAE04EC0-301F-11D3-BF4B-00C04F79EFBC}") = "Section01", "chapter07\Section01\Section01.csproj", "{2616CCE2-F157-490A-83DC-A45D01A359D4}"
EndProject
Project("{FAE04EC0-301F-11D3-BF4B-00C04F79EFBC}") = "Section02", "chapter07\Section02\Section02.csproj", "{C3F546B1-8427-46E9-82E9-95407C8D7D62}"
EndProject
Global
	GlobalSection(SolutionConfigurationPlatforms) = preSolution
		Debug|Any CPU = Debug|Any CPU
		Release|Any CPU = Release|Any CPU
	EndGlobalSection
	GlobalSection(ProjectConfigurationPlatforms) = postSolution
		{D0D27F84-483F-449F-BD8D-DBF99FB5C80E}.Debug|Any CPU.ActiveCfg = Debug|Any CPU
		{D0D27F84-483F-449F-BD8D-DBF99FB5C80E}.Debug|Any CPU.Build.0 = Debug|Any CPU
		{D0D27F84-483F-449F-BD8D-DBF99FB5C80E}.Release|Any CPU.ActiveCfg = Release|Any CPU
		{D0D27F84-483F-449F-BD8D-DBF99FB5C80E}.Release|Any CPU.Build.0 = Release|Any CPU
		{9A0DC62B-0F97-44E4-9B32-0D2C004DEA84}.Debug|Any CPU.ActiveCfg = Debug|Any CPU
		{9A0DC62B-0F97-44E4-9B32-0D2C004DEA84}.Debug|Any CPU.Build.0 = Debug|Any CPU
		{9A0DC62B-0F97-44E4-9B32-0D2C004DEA84}.Release|Any CPU.ActiveCfg = Release|Any CPU
		{9A0DC62B-0F97-44E4-9B32-0D2C004DEA84}.Release|Any CPU.Build.0 = Release|Any CPU
		{7AA66F54-5F5E-4884-A946-2C8592B7A501}.Debug|Any CPU.ActiveCfg = Debug|Any CPU
		{7AA66F54-5F5E-4884-A946-2C8592B7A501}.Debug|Any CPU.Build.0 = Debug|Any CPU
		{7AA66F54-5F5E-4884-A946-2C8592B7A501}.Release|Any CPU.ActiveCfg = Release|Any CPU
		{7AA66F54-5F5E-4884-A946-2C8592B7A501}.Release|Any CPU.Build.0 = Release|Any CPU
		{8EF35437-0FB4-46F2-80CA-0CC2ECB90C5D}.Debug|Any CPU.ActiveCfg = Debug|Any CPU
		{8EF35437-0FB4-46F2-80CA-0CC2ECB90C5D}.Debug|Any CPU.Build.0 = Debug|Any CPU
		{8EF35437-0FB4-46F2-80CA-0CC2ECB90C5D}.Release|Any CPU.ActiveCfg = Release|Any CPU
		{8EF35437-0FB4-46F2-80CA-0CC2ECB90C5D}.Release|Any CPU.Build.0 = Release|Any CPU
		{E7CDF393-58D7-4E25-9894-4898777E94C8}.Debug|Any CPU.ActiveCfg = Debug|Any CPU
		{E7CDF393-58D7-4E25-9894-4898777E94C8}.Debug|Any CPU.Build.0 = Debug|Any CPU
		{E7CDF393-58D7-4E25-9894-4898777E94C8}.Release|Any CPU.ActiveCfg = Release|Any CPU
		{E7CDF393-58D7-4E25-9894-4898777E94C8}.Release|Any CPU.Build.0 = Release|Any CPU
		{3247E676-E9C0-482F-853F-E7049CDCCA25}.Debug|Any CPU.ActiveCfg = Debug|Any CPU
		{3247E676-E9C0-482F-853F-E7049CDCCA25}.Debug|Any CPU.Build.0 = Debug|Any CPU
		{3247E676-E9C0-482F-853F-E7049CDCCA25}.Release|Any CPU.ActiveCfg = Release|Any CPU
		{3247E676-E9C0-482F-853F-E7049CDCCA25}.Release|Any CPU.Build.0 = Release|Any CPU
		{AA5E52C3-D38A-4467-87C1-5832959DFCCE}.Debug|Any CPU.ActiveCfg = Debug|Any CPU
		{AA5E52C3-D38A-4467-87C1-5832959DFCCE}.Debug|Any CPU.Build.0 = Debug|Any CPU
		{AA5E52C3-D38A-4467-87C1-5832959DFCCE}.Release|Any CPU.ActiveCfg = Release|Any CPU
		{AA5E52C3-D38A-4467-87C1-5832959DFCCE}.Release|Any CPU.Build.0 = Release|Any CPU
		{F27417B6-C2AD-419C-A315-3EB8812D151E}.Debug|Any CPU.ActiveCfg = Debug|Any CPU
		{F27417B6-C2AD-419C-A315-3EB8812D151E}.Debug|Any CPU.Build.0 = Debug|Any CPU
		{F27417B6-C2AD-419C-A315-3EB8812D151E}.Release|Any CPU.ActiveCfg = Release|Any CPU
		{F27417B6-C2AD-419C-A315-3EB8812D151E}.Release|Any CPU.Build.0 = Release|Any CPU
		{D26C5D99-7D42-4ADA-BD45-611EFC5C946F}.Debug|Any CPU.ActiveCfg = Debug|Any CPU
		{D26C5D99-7D42-4ADA-BD45-611EFC5C946F}.Debug|Any CPU.Build.0 = Debug|Any CPU
		{D26C5D99-7D42-4ADA-BD45-611EFC5C946F}.Release|Any CPU.ActiveCfg = Release|Any CPU
		{D26C5D99-7D42-4ADA-BD45-611EFC5C946F}.Release|Any CPU.Build.0 = Release|Any CPU
		{22334261-FDD2-4BA1-9025-07B722786C7A}.Debug|Any CPU.ActiveCfg = Debug|Any CPU
		{22334261-FDD2-4BA1-9025-07B722786C7A}.Debug|Any CPU.Build.0 = Debug|Any CPU
		{22334261-FDD2-4BA1-9025-07B722786C7A}.Release|Any CPU.ActiveCfg = Release|Any CPU
		{22334261-FDD2-4BA1-9025-07B722786C7A}.Release|Any CPU.Build.0 = Release|Any CPU
		{5C1E9CE3-635B-4A5A-BF48-2F9AA5296367}.Debug|Any CPU.ActiveCfg = Debug|Any CPU
		{5C1E9CE3-635B-4A5A-BF48-2F9AA5296367}.Debug|Any CPU.Build.0 = Debug|Any CPU
		{5C1E9CE3-635B-4A5A-BF48-2F9AA5296367}.Release|Any CPU.ActiveCfg = Release|Any CPU
		{5C1E9CE3-635B-4A5A-BF48-2F9AA5296367}.Release|Any CPU.Build.0 = Release|Any CPU
		{F46E7E1C-2AC5-4CF7-89F4-FC41BA8F2ADF}.Debug|Any CPU.ActiveCfg = Debug|Any CPU
		{F46E7E1C-2AC5-4CF7-89F4-FC41BA8F2ADF}.Debug|Any CPU.Build.0 = Debug|Any CPU
		{F46E7E1C-2AC5-4CF7-89F4-FC41BA8F2ADF}.Release|Any CPU.ActiveCfg = Release|Any CPU
		{F46E7E1C-2AC5-4CF7-89F4-FC41BA8F2ADF}.Release|Any CPU.Build.0 = Release|Any CPU
		{D103D899-0297-4E52-B5AD-BDE4A8B3DB9C}.Debug|Any CPU.ActiveCfg = Debug|Any CPU
		{D103D899-0297-4E52-B5AD-BDE4A8B3DB9C}.Debug|Any CPU.Build.0 = Debug|Any CPU
		{D103D899-0297-4E52-B5AD-BDE4A8B3DB9C}.Release|Any CPU.ActiveCfg = Release|Any CPU
		{D103D899-0297-4E52-B5AD-BDE4A8B3DB9C}.Release|Any CPU.Build.0 = Release|Any CPU
		{FD4F0F58-D346-45B9-9CFE-93A555F8F7D9}.Debug|Any CPU.ActiveCfg = Debug|Any CPU
		{FD4F0F58-D346-45B9-9CFE-93A555F8F7D9}.Debug|Any CPU.Build.0 = Debug|Any CPU
		{FD4F0F58-D346-45B9-9CFE-93A555F8F7D9}.Release|Any CPU.ActiveCfg = Release|Any CPU
		{FD4F0F58-D346-45B9-9CFE-93A555F8F7D9}.Release|Any CPU.Build.0 = Release|Any CPU
		{93C886AB-460E-477B-B86A-20E6D6288157}.Debug|Any CPU.ActiveCfg = Debug|Any CPU
		{93C886AB-460E-477B-B86A-20E6D6288157}.Debug|Any CPU.Build.0 = Debug|Any CPU
		{93C886AB-460E-477B-B86A-20E6D6288157}.Release|Any CPU.ActiveCfg = Release|Any CPU
		{93C886AB-460E-477B-B86A-20E6D6288157}.Release|Any CPU.Build.0 = Release|Any CPU
		{B15FE0DB-F9C7-4506-A30D-94C2DA3915EF}.Debug|Any CPU.ActiveCfg = Debug|Any CPU
		{B15FE0DB-F9C7-4506-A30D-94C2DA3915EF}.Debug|Any CPU.Build.0 = Debug|Any CPU
		{B15FE0DB-F9C7-4506-A30D-94C2DA3915EF}.Release|Any CPU.ActiveCfg = Release|Any CPU
		{B15FE0DB-F9C7-4506-A30D-94C2DA3915EF}.Release|Any CPU.Build.0 = Release|Any CPU
		{1A4E41D9-01E6-4B8B-B1F8-9E041C6C4B41}.Debug|Any CPU.ActiveCfg = Debug|Any CPU
		{1A4E41D9-01E6-4B8B-B1F8-9E041C6C4B41}.Debug|Any CPU.Build.0 = Debug|Any CPU
		{1A4E41D9-01E6-4B8B-B1F8-9E041C6C4B41}.Release|Any CPU.ActiveCfg = Release|Any CPU
		{1A4E41D9-01E6-4B8B-B1F8-9E041C6C4B41}.Release|Any CPU.Build.0 = Release|Any CPU
		{96A52A53-8B3A-4077-A2B9-0238EB4A2A55}.Debug|Any CPU.ActiveCfg = Debug|Any CPU
		{96A52A53-8B3A-4077-A2B9-0238EB4A2A55}.Debug|Any CPU.Build.0 = Debug|Any CPU
		{96A52A53-8B3A-4077-A2B9-0238EB4A2A55}.Release|Any CPU.ActiveCfg = Release|Any CPU
		{96A52A53-8B3A-4077-A2B9-0238EB4A2A55}.Release|Any CPU.Build.0 = Release|Any CPU
		{622F3BBA-CF74-41F0-A2CB-16D356DEE34B}.Debug|Any CPU.ActiveCfg = Debug|Any CPU
		{622F3BBA-CF74-41F0-A2CB-16D356DEE34B}.Debug|Any CPU.Build.0 = Debug|Any CPU
		{622F3BBA-CF74-41F0-A2CB-16D356DEE34B}.Release|Any CPU.ActiveCfg = Release|Any CPU
		{622F3BBA-CF74-41F0-A2CB-16D356DEE34B}.Release|Any CPU.Build.0 = Release|Any CPU
		{32FCDFD6-7612-463F-A1ED-38B068AE602A}.Debug|Any CPU.ActiveCfg = Debug|Any CPU
		{32FCDFD6-7612-463F-A1ED-38B068AE602A}.Debug|Any CPU.Build.0 = Debug|Any CPU
		{32FCDFD6-7612-463F-A1ED-38B068AE602A}.Release|Any CPU.ActiveCfg = Release|Any CPU
		{32FCDFD6-7612-463F-A1ED-38B068AE602A}.Release|Any CPU.Build.0 = Release|Any CPU
		{2616CCE2-F157-490A-83DC-A45D01A359D4}.Debug|Any CPU.ActiveCfg = Debug|Any CPU
		{2616CCE2-F157-490A-83DC-A45D01A359D4}.Debug|Any CPU.Build.0 = Debug|Any CPU
		{2616CCE2-F157-490A-83DC-A45D01A359D4}.Release|Any CPU.ActiveCfg = Release|Any CPU
		{2616CCE2-F157-490A-83DC-A45D01A359D4}.Release|Any CPU.Build.0 = Release|Any CPU
		{C3F546B1-8427-46E9-82E9-95407C8D7D62}.Debug|Any CPU.ActiveCfg = Debug|Any CPU
		{C3F546B1-8427-46E9-82E9-95407C8D7D62}.Debug|Any CPU.Build.0 = Debug|Any CPU
		{C3F546B1-8427-46E9-82E9-95407C8D7D62}.Release|Any CPU.ActiveCfg = Release|Any CPU
		{C3F546B1-8427-46E9-82E9-95407C8D7D62}.Release|Any CPU.Build.0 = Release|Any CPU
	EndGlobalSection
	GlobalSection(SolutionProperties) = preSolution
		HideSolutionNode = FALSE
	EndGlobalSection
	GlobalSection(NestedProjects) = preSolution
		{D0D27F84-483F-449F-BD8D-DBF99FB5C80E} = {E42774F4-ADAB-4B27-92C3-FC0603706A83}
		{9A0DC62B-0F97-44E4-9B32-0D2C004DEA84} = {E42774F4-ADAB-4B27-92C3-FC0603706A83}
		{4D402AEB-3911-48D3-AA20-B176757757E3} = {E4D6C8BD-8253-4BCD-97F7-D816C665B6FD}
		{7AA66F54-5F5E-4884-A946-2C8592B7A501} = {4D402AEB-3911-48D3-AA20-B176757757E3}
		{C68BCD43-74D8-4E47-9DE9-80228B8F1ED4} = {E4D6C8BD-8253-4BCD-97F7-D816C665B6FD}
		{8EF35437-0FB4-46F2-80CA-0CC2ECB90C5D} = {C68BCD43-74D8-4E47-9DE9-80228B8F1ED4}
		{AA0AED66-3ACD-47C8-9F26-8470182E5A0B} = {E4D6C8BD-8253-4BCD-97F7-D816C665B6FD}
		{E7CDF393-58D7-4E25-9894-4898777E94C8} = {AA0AED66-3ACD-47C8-9F26-8470182E5A0B}
		{3247E676-E9C0-482F-853F-E7049CDCCA25} = {AA0AED66-3ACD-47C8-9F26-8470182E5A0B}
		{AA5E52C3-D38A-4467-87C1-5832959DFCCE} = {52D11A7D-7557-4D8A-98CF-51575B9768FA}
		{F27417B6-C2AD-419C-A315-3EB8812D151E} = {D2C330DC-9BA9-48B7-BABB-6DBB32E26D93}
		{F322C5F3-028E-4062-93BD-786932685621} = {D2C330DC-9BA9-48B7-BABB-6DBB32E26D93}
		{D26C5D99-7D42-4ADA-BD45-611EFC5C946F} = {F322C5F3-028E-4062-93BD-786932685621}
		{22334261-FDD2-4BA1-9025-07B722786C7A} = {F322C5F3-028E-4062-93BD-786932685621}
		{5C1E9CE3-635B-4A5A-BF48-2F9AA5296367} = {924EAF3F-E97D-4459-B1A9-1A8D35F1C9E9}
		{F46E7E1C-2AC5-4CF7-89F4-FC41BA8F2ADF} = {924EAF3F-E97D-4459-B1A9-1A8D35F1C9E9}
		{D103D899-0297-4E52-B5AD-BDE4A8B3DB9C} = {924EAF3F-E97D-4459-B1A9-1A8D35F1C9E9}
		{A48112EF-EE02-47D3-BA17-8625D55BCECA} = {C2E00FDE-AB97-4E8A-B974-17950BCEAE83}
		{FD4F0F58-D346-45B9-9CFE-93A555F8F7D9} = {A48112EF-EE02-47D3-BA17-8625D55BCECA}
		{93C886AB-460E-477B-B86A-20E6D6288157} = {A48112EF-EE02-47D3-BA17-8625D55BCECA}
		{B15FE0DB-F9C7-4506-A30D-94C2DA3915EF} = {A48112EF-EE02-47D3-BA17-8625D55BCECA}
		{1A4E41D9-01E6-4B8B-B1F8-9E041C6C4B41} = {A48112EF-EE02-47D3-BA17-8625D55BCECA}
		{96A52A53-8B3A-4077-A2B9-0238EB4A2A55} = {6DC0F69E-C1FE-49A8-8BC2-902EFFCC859E}
		{E3E70BB9-DE05-4677-B725-A55EA6996906} = {6DC0F69E-C1FE-49A8-8BC2-902EFFCC859E}
		{622F3BBA-CF74-41F0-A2CB-16D356DEE34B} = {E3E70BB9-DE05-4677-B725-A55EA6996906}
		{32FCDFD6-7612-463F-A1ED-38B068AE602A} = {E3E70BB9-DE05-4677-B725-A55EA6996906}
		{2616CCE2-F157-490A-83DC-A45D01A359D4} = {634A8B9C-0EB8-4E3F-BD9B-665C73497962}
		{C3F546B1-8427-46E9-82E9-95407C8D7D62} = {634A8B9C-0EB8-4E3F-BD9B-665C73497962}
	EndGlobalSection
	GlobalSection(ExtensibilityGlobals) = postSolution
		SolutionGuid = {5077CCBD-D221-4296-8A6B-C8A70EA7BCDE}
	EndGlobalSection
EndGlobal
